// !$*UTF8*$!
{
	archiveVersion = 1;
	classes = {
	};
	objectVersion = 55;
	objects = {

/* Begin PBXBuildFile section */
		152D88F328F6359800E112A6 /* AppDelegate.swift in Sources */ = {isa = PBXBuildFile; fileRef = 152D88F228F6359800E112A6 /* AppDelegate.swift */; };
		152D88F528F6359800E112A6 /* SceneDelegate.swift in Sources */ = {isa = PBXBuildFile; fileRef = 152D88F428F6359800E112A6 /* SceneDelegate.swift */; };
		152D88FA28F6359800E112A6 /* Main.storyboard in Resources */ = {isa = PBXBuildFile; fileRef = 152D88F828F6359800E112A6 /* Main.storyboard */; };
		152D88FC28F6359B00E112A6 /* Assets.xcassets in Resources */ = {isa = PBXBuildFile; fileRef = 152D88FB28F6359B00E112A6 /* Assets.xcassets */; };
		152D88FF28F6359C00E112A6 /* LaunchScreen.storyboard in Resources */ = {isa = PBXBuildFile; fileRef = 152D88FD28F6359C00E112A6 /* LaunchScreen.storyboard */; };
		152D890A28F6359C00E112A6 /* GymTests.swift in Sources */ = {isa = PBXBuildFile; fileRef = 152D890928F6359C00E112A6 /* GymTests.swift */; };
		152D891428F6359C00E112A6 /* GymUITests.swift in Sources */ = {isa = PBXBuildFile; fileRef = 152D891328F6359C00E112A6 /* GymUITests.swift */; };
		152D891628F6359C00E112A6 /* GymUITestsLaunchTests.swift in Sources */ = {isa = PBXBuildFile; fileRef = 152D891528F6359C00E112A6 /* GymUITestsLaunchTests.swift */; };
		152D892528F63D4300E112A6 /* AlamofireImage in Frameworks */ = {isa = PBXBuildFile; productRef = 152D892428F63D4300E112A6 /* AlamofireImage */; };
		152D892728F64F4000E112A6 /* LoginViewController.swift in Sources */ = {isa = PBXBuildFile; fileRef = 152D892628F64F3F00E112A6 /* LoginViewController.swift */; };
		152D892928F64F6600E112A6 /* FeedViewController.swift in Sources */ = {isa = PBXBuildFile; fileRef = 152D892828F64F6600E112A6 /* FeedViewController.swift */; };
		152D892B28F6657F00E112A6 /* CameraViewController.swift in Sources */ = {isa = PBXBuildFile; fileRef = 152D892A28F6657F00E112A6 /* CameraViewController.swift */; };
		152D892D28F672C500E112A6 /* PostCell.swift in Sources */ = {isa = PBXBuildFile; fileRef = 152D892C28F672C400E112A6 /* PostCell.swift */; };
		158EBC9128FF5F5200CADB71 /* CommentCell.swift in Sources */ = {isa = PBXBuildFile; fileRef = 158EBC9028FF5F5100CADB71 /* CommentCell.swift */; };
		5B5E84B029400489003D27C1 /* WorkoutCell.swift in Sources */ = {isa = PBXBuildFile; fileRef = 5B5E84AF29400489003D27C1 /* WorkoutCell.swift */; };
		5D71C3F2190DB5D38A5A3221 /* Pods_GymApp.framework in Frameworks */ = {isa = PBXBuildFile; fileRef = 88C4106FE5D67E27899802F7 /* Pods_GymApp.framework */; };
		9E281E4B292C0C7C00839095 /* WorkoutsViewController.swift in Sources */ = {isa = PBXBuildFile; fileRef = 9E281E4A292C0C7C00839095 /* WorkoutsViewController.swift */; };
		9ECDA91C292C2C460016456D /* AccountViewController.swift in Sources */ = {isa = PBXBuildFile; fileRef = 9ECDA91B292C2C450016456D /* AccountViewController.swift */; };
		9ECDA91E292C2CC90016456D /* ProgressViewController.swift in Sources */ = {isa = PBXBuildFile; fileRef = 9ECDA91D292C2CC90016456D /* ProgressViewController.swift */; };
		9ECDA920292C2CF20016456D /* ShareViewController.swift in Sources */ = {isa = PBXBuildFile; fileRef = 9ECDA91F292C2CF20016456D /* ShareViewController.swift */; };
/* End PBXBuildFile section */

/* Begin PBXContainerItemProxy section */
		152D890628F6359C00E112A6 /* PBXContainerItemProxy */ = {
			isa = PBXContainerItemProxy;
			containerPortal = 152D88E728F6359800E112A6 /* Project object */;
			proxyType = 1;
			remoteGlobalIDString = 152D88EE28F6359800E112A6;
			remoteInfo = Instagram;
		};
		152D891028F6359C00E112A6 /* PBXContainerItemProxy */ = {
			isa = PBXContainerItemProxy;
			containerPortal = 152D88E728F6359800E112A6 /* Project object */;
			proxyType = 1;
			remoteGlobalIDString = 152D88EE28F6359800E112A6;
			remoteInfo = Instagram;
		};
/* End PBXContainerItemProxy section */

/* Begin PBXFileReference section */
		152D88EF28F6359800E112A6 /* GymApp.app */ = {isa = PBXFileReference; explicitFileType = wrapper.application; includeInIndex = 0; path = GymApp.app; sourceTree = BUILT_PRODUCTS_DIR; };
		152D88F228F6359800E112A6 /* AppDelegate.swift */ = {isa = PBXFileReference; lastKnownFileType = sourcecode.swift; path = AppDelegate.swift; sourceTree = "<group>"; };
		152D88F428F6359800E112A6 /* SceneDelegate.swift */ = {isa = PBXFileReference; lastKnownFileType = sourcecode.swift; path = SceneDelegate.swift; sourceTree = "<group>"; };
		152D88F928F6359800E112A6 /* Base */ = {isa = PBXFileReference; lastKnownFileType = file.storyboard; name = Base; path = Base.lproj/Main.storyboard; sourceTree = "<group>"; };
		152D88FB28F6359B00E112A6 /* Assets.xcassets */ = {isa = PBXFileReference; lastKnownFileType = folder.assetcatalog; path = Assets.xcassets; sourceTree = "<group>"; };
		152D88FE28F6359C00E112A6 /* Base */ = {isa = PBXFileReference; lastKnownFileType = file.storyboard; name = Base; path = Base.lproj/LaunchScreen.storyboard; sourceTree = "<group>"; };
		152D890028F6359C00E112A6 /* Info.plist */ = {isa = PBXFileReference; lastKnownFileType = text.plist.xml; path = Info.plist; sourceTree = "<group>"; };
		152D890528F6359C00E112A6 /* GymAppTests.xctest */ = {isa = PBXFileReference; explicitFileType = wrapper.cfbundle; includeInIndex = 0; path = GymAppTests.xctest; sourceTree = BUILT_PRODUCTS_DIR; };
		152D890928F6359C00E112A6 /* GymTests.swift */ = {isa = PBXFileReference; lastKnownFileType = sourcecode.swift; path = GymTests.swift; sourceTree = "<group>"; };
		152D890F28F6359C00E112A6 /* GymAppUITests.xctest */ = {isa = PBXFileReference; explicitFileType = wrapper.cfbundle; includeInIndex = 0; path = GymAppUITests.xctest; sourceTree = BUILT_PRODUCTS_DIR; };
		152D891328F6359C00E112A6 /* GymUITests.swift */ = {isa = PBXFileReference; lastKnownFileType = sourcecode.swift; path = GymUITests.swift; sourceTree = "<group>"; };
		152D891528F6359C00E112A6 /* GymUITestsLaunchTests.swift */ = {isa = PBXFileReference; lastKnownFileType = sourcecode.swift; path = GymUITestsLaunchTests.swift; sourceTree = "<group>"; };
		152D892628F64F3F00E112A6 /* LoginViewController.swift */ = {isa = PBXFileReference; lastKnownFileType = sourcecode.swift; path = LoginViewController.swift; sourceTree = "<group>"; };
		152D892828F64F6600E112A6 /* FeedViewController.swift */ = {isa = PBXFileReference; lastKnownFileType = sourcecode.swift; path = FeedViewController.swift; sourceTree = "<group>"; };
		152D892A28F6657F00E112A6 /* CameraViewController.swift */ = {isa = PBXFileReference; lastKnownFileType = sourcecode.swift; path = CameraViewController.swift; sourceTree = "<group>"; };
		152D892C28F672C400E112A6 /* PostCell.swift */ = {isa = PBXFileReference; lastKnownFileType = sourcecode.swift; path = PostCell.swift; sourceTree = "<group>"; };
		158EBC9028FF5F5100CADB71 /* CommentCell.swift */ = {isa = PBXFileReference; lastKnownFileType = sourcecode.swift; path = CommentCell.swift; sourceTree = "<group>"; };
		4DC39EBB237CB9DBB68E07B8 /* Pods-Instagram.release.xcconfig */ = {isa = PBXFileReference; includeInIndex = 1; lastKnownFileType = text.xcconfig; name = "Pods-Instagram.release.xcconfig"; path = "Target Support Files/Pods-Instagram/Pods-Instagram.release.xcconfig"; sourceTree = "<group>"; };
		5B5E84AF29400489003D27C1 /* WorkoutCell.swift */ = {isa = PBXFileReference; lastKnownFileType = sourcecode.swift; path = WorkoutCell.swift; sourceTree = "<group>"; };
		85E038953174F22C20831F8D /* Pods-Instagram.debug.xcconfig */ = {isa = PBXFileReference; includeInIndex = 1; lastKnownFileType = text.xcconfig; name = "Pods-Instagram.debug.xcconfig"; path = "Target Support Files/Pods-Instagram/Pods-Instagram.debug.xcconfig"; sourceTree = "<group>"; };
		88C4106FE5D67E27899802F7 /* Pods_GymApp.framework */ = {isa = PBXFileReference; explicitFileType = wrapper.framework; includeInIndex = 0; path = Pods_GymApp.framework; sourceTree = BUILT_PRODUCTS_DIR; };
		9E281E4A292C0C7C00839095 /* WorkoutsViewController.swift */ = {isa = PBXFileReference; lastKnownFileType = sourcecode.swift; path = WorkoutsViewController.swift; sourceTree = "<group>"; };
		9ECDA91B292C2C450016456D /* AccountViewController.swift */ = {isa = PBXFileReference; lastKnownFileType = sourcecode.swift; path = AccountViewController.swift; sourceTree = "<group>"; };
		9ECDA91D292C2CC90016456D /* ProgressViewController.swift */ = {isa = PBXFileReference; lastKnownFileType = sourcecode.swift; path = ProgressViewController.swift; sourceTree = "<group>"; };
		9ECDA91F292C2CF20016456D /* ShareViewController.swift */ = {isa = PBXFileReference; lastKnownFileType = sourcecode.swift; path = ShareViewController.swift; sourceTree = "<group>"; };
		A7D512611ABFEEB6D8BD1EFC /* Pods-GymApp.debug.xcconfig */ = {isa = PBXFileReference; includeInIndex = 1; lastKnownFileType = text.xcconfig; name = "Pods-GymApp.debug.xcconfig"; path = "Target Support Files/Pods-GymApp/Pods-GymApp.debug.xcconfig"; sourceTree = "<group>"; };
		CC65AB4B06778BAD9F5168CF /* Pods-GymApp.release.xcconfig */ = {isa = PBXFileReference; includeInIndex = 1; lastKnownFileType = text.xcconfig; name = "Pods-GymApp.release.xcconfig"; path = "Target Support Files/Pods-GymApp/Pods-GymApp.release.xcconfig"; sourceTree = "<group>"; };
/* End PBXFileReference section */

/* Begin PBXFrameworksBuildPhase section */
		152D88EC28F6359800E112A6 /* Frameworks */ = {
			isa = PBXFrameworksBuildPhase;
			buildActionMask = 2147483647;
			files = (
				152D892528F63D4300E112A6 /* AlamofireImage in Frameworks */,
				5D71C3F2190DB5D38A5A3221 /* Pods_GymApp.framework in Frameworks */,
			);
			runOnlyForDeploymentPostprocessing = 0;
		};
		152D890228F6359C00E112A6 /* Frameworks */ = {
			isa = PBXFrameworksBuildPhase;
			buildActionMask = 2147483647;
			files = (
			);
			runOnlyForDeploymentPostprocessing = 0;
		};
		152D890C28F6359C00E112A6 /* Frameworks */ = {
			isa = PBXFrameworksBuildPhase;
			buildActionMask = 2147483647;
			files = (
			);
			runOnlyForDeploymentPostprocessing = 0;
		};
/* End PBXFrameworksBuildPhase section */

/* Begin PBXGroup section */
		152D88E628F6359800E112A6 = {
			isa = PBXGroup;
			children = (
				152D88F128F6359800E112A6 /* Instagram */,
				152D890828F6359C00E112A6 /* GymTests */,
				152D891228F6359C00E112A6 /* GymUITests */,
				152D88F028F6359800E112A6 /* Products */,
				41741F1E03442645BF2A27A1 /* Pods */,
				C7DD30629678C8CA4A4EAC09 /* Frameworks */,
			);
			sourceTree = "<group>";
		};
		152D88F028F6359800E112A6 /* Products */ = {
			isa = PBXGroup;
			children = (
				152D88EF28F6359800E112A6 /* GymApp.app */,
				152D890528F6359C00E112A6 /* GymAppTests.xctest */,
				152D890F28F6359C00E112A6 /* GymAppUITests.xctest */,
			);
			name = Products;
			sourceTree = "<group>";
		};
		152D88F128F6359800E112A6 /* Instagram */ = {
			isa = PBXGroup;
			children = (
				152D88F228F6359800E112A6 /* AppDelegate.swift */,
				152D88F428F6359800E112A6 /* SceneDelegate.swift */,
				152D88F828F6359800E112A6 /* Main.storyboard */,
				152D88FB28F6359B00E112A6 /* Assets.xcassets */,
				152D88FD28F6359C00E112A6 /* LaunchScreen.storyboard */,
				152D890028F6359C00E112A6 /* Info.plist */,
				152D892628F64F3F00E112A6 /* LoginViewController.swift */,
				152D892828F64F6600E112A6 /* FeedViewController.swift */,
				152D892A28F6657F00E112A6 /* CameraViewController.swift */,
				152D892C28F672C400E112A6 /* PostCell.swift */,
				158EBC9028FF5F5100CADB71 /* CommentCell.swift */,
				9E281E4A292C0C7C00839095 /* WorkoutsViewController.swift */,
				9ECDA91B292C2C450016456D /* AccountViewController.swift */,
				9ECDA91D292C2CC90016456D /* ProgressViewController.swift */,
				9ECDA91F292C2CF20016456D /* ShareViewController.swift */,
				5B5E84AF29400489003D27C1 /* WorkoutCell.swift */,
			);
			path = Instagram;
			sourceTree = "<group>";
		};
		152D890828F6359C00E112A6 /* GymTests */ = {
			isa = PBXGroup;
			children = (
				152D890928F6359C00E112A6 /* GymTests.swift */,
			);
			path = GymTests;
			sourceTree = "<group>";
		};
		152D891228F6359C00E112A6 /* GymUITests */ = {
			isa = PBXGroup;
			children = (
				152D891328F6359C00E112A6 /* GymUITests.swift */,
				152D891528F6359C00E112A6 /* GymUITestsLaunchTests.swift */,
			);
			path = GymUITests;
			sourceTree = "<group>";
		};
		41741F1E03442645BF2A27A1 /* Pods */ = {
			isa = PBXGroup;
			children = (
				85E038953174F22C20831F8D /* Pods-Instagram.debug.xcconfig */,
				4DC39EBB237CB9DBB68E07B8 /* Pods-Instagram.release.xcconfig */,
				A7D512611ABFEEB6D8BD1EFC /* Pods-GymApp.debug.xcconfig */,
				CC65AB4B06778BAD9F5168CF /* Pods-GymApp.release.xcconfig */,
			);
			path = Pods;
			sourceTree = "<group>";
		};
		C7DD30629678C8CA4A4EAC09 /* Frameworks */ = {
			isa = PBXGroup;
			children = (
				88C4106FE5D67E27899802F7 /* Pods_GymApp.framework */,
			);
			name = Frameworks;
			sourceTree = "<group>";
		};
/* End PBXGroup section */

/* Begin PBXNativeTarget section */
		152D88EE28F6359800E112A6 /* GymApp */ = {
			isa = PBXNativeTarget;
			buildConfigurationList = 152D891928F6359C00E112A6 /* Build configuration list for PBXNativeTarget "GymApp" */;
			buildPhases = (
				ABB3D783BDC85DF768BE82C3 /* [CP] Check Pods Manifest.lock */,
				152D88EB28F6359800E112A6 /* Sources */,
				152D88EC28F6359800E112A6 /* Frameworks */,
				152D88ED28F6359800E112A6 /* Resources */,
				3FF86F5E59AD483773422166 /* [CP] Embed Pods Frameworks */,
			);
			buildRules = (
			);
			dependencies = (
			);
			name = GymApp;
			packageProductDependencies = (
				152D892428F63D4300E112A6 /* AlamofireImage */,
			);
			productName = Instagram;
			productReference = 152D88EF28F6359800E112A6 /* GymApp.app */;
			productType = "com.apple.product-type.application";
		};
		152D890428F6359C00E112A6 /* GymAppTests */ = {
			isa = PBXNativeTarget;
			buildConfigurationList = 152D891C28F6359C00E112A6 /* Build configuration list for PBXNativeTarget "GymAppTests" */;
			buildPhases = (
				152D890128F6359C00E112A6 /* Sources */,
				152D890228F6359C00E112A6 /* Frameworks */,
				152D890328F6359C00E112A6 /* Resources */,
			);
			buildRules = (
			);
			dependencies = (
				152D890728F6359C00E112A6 /* PBXTargetDependency */,
			);
			name = GymAppTests;
			productName = InstagramTests;
			productReference = 152D890528F6359C00E112A6 /* GymAppTests.xctest */;
			productType = "com.apple.product-type.bundle.unit-test";
		};
		152D890E28F6359C00E112A6 /* GymAppUITests */ = {
			isa = PBXNativeTarget;
			buildConfigurationList = 152D891F28F6359C00E112A6 /* Build configuration list for PBXNativeTarget "GymAppUITests" */;
			buildPhases = (
				152D890B28F6359C00E112A6 /* Sources */,
				152D890C28F6359C00E112A6 /* Frameworks */,
				152D890D28F6359C00E112A6 /* Resources */,
			);
			buildRules = (
			);
			dependencies = (
				152D891128F6359C00E112A6 /* PBXTargetDependency */,
			);
			name = GymAppUITests;
			productName = InstagramUITests;
			productReference = 152D890F28F6359C00E112A6 /* GymAppUITests.xctest */;
			productType = "com.apple.product-type.bundle.ui-testing";
		};
/* End PBXNativeTarget section */

/* Begin PBXProject section */
		152D88E728F6359800E112A6 /* Project object */ = {
			isa = PBXProject;
			attributes = {
				BuildIndependentTargetsInParallel = 1;
				LastSwiftUpdateCheck = 1340;
				LastUpgradeCheck = 1340;
				TargetAttributes = {
					152D88EE28F6359800E112A6 = {
						CreatedOnToolsVersion = 13.4.1;
					};
					152D890428F6359C00E112A6 = {
						CreatedOnToolsVersion = 13.4.1;
						TestTargetID = 152D88EE28F6359800E112A6;
					};
					152D890E28F6359C00E112A6 = {
						CreatedOnToolsVersion = 13.4.1;
						TestTargetID = 152D88EE28F6359800E112A6;
					};
				};
			};
			buildConfigurationList = 152D88EA28F6359800E112A6 /* Build configuration list for PBXProject "GymApp" */;
			compatibilityVersion = "Xcode 13.0";
			developmentRegion = en;
			hasScannedForEncodings = 0;
			knownRegions = (
				en,
				Base,
			);
			mainGroup = 152D88E628F6359800E112A6;
			packageReferences = (
				152D892228F63D1B00E112A6 /* XCRemoteSwiftPackageReference "swift-argument-parser" */,
				152D892328F63D4300E112A6 /* XCRemoteSwiftPackageReference "AlamofireImage" */,
			);
			productRefGroup = 152D88F028F6359800E112A6 /* Products */;
			projectDirPath = "";
			projectRoot = "";
			targets = (
				152D88EE28F6359800E112A6 /* GymApp */,
				152D890428F6359C00E112A6 /* GymAppTests */,
				152D890E28F6359C00E112A6 /* GymAppUITests */,
			);
		};
/* End PBXProject section */

/* Begin PBXResourcesBuildPhase section */
		152D88ED28F6359800E112A6 /* Resources */ = {
			isa = PBXResourcesBuildPhase;
			buildActionMask = 2147483647;
			files = (
				152D88FF28F6359C00E112A6 /* LaunchScreen.storyboard in Resources */,
				152D88FC28F6359B00E112A6 /* Assets.xcassets in Resources */,
				152D88FA28F6359800E112A6 /* Main.storyboard in Resources */,
			);
			runOnlyForDeploymentPostprocessing = 0;
		};
		152D890328F6359C00E112A6 /* Resources */ = {
			isa = PBXResourcesBuildPhase;
			buildActionMask = 2147483647;
			files = (
			);
			runOnlyForDeploymentPostprocessing = 0;
		};
		152D890D28F6359C00E112A6 /* Resources */ = {
			isa = PBXResourcesBuildPhase;
			buildActionMask = 2147483647;
			files = (
			);
			runOnlyForDeploymentPostprocessing = 0;
		};
/* End PBXResourcesBuildPhase section */

/* Begin PBXShellScriptBuildPhase section */
		3FF86F5E59AD483773422166 /* [CP] Embed Pods Frameworks */ = {
			isa = PBXShellScriptBuildPhase;
			buildActionMask = 2147483647;
			files = (
			);
			inputFileListPaths = (
				"${PODS_ROOT}/Target Support Files/Pods-GymApp/Pods-GymApp-frameworks-${CONFIGURATION}-input-files.xcfilelist",
			);
			name = "[CP] Embed Pods Frameworks";
			outputFileListPaths = (
				"${PODS_ROOT}/Target Support Files/Pods-GymApp/Pods-GymApp-frameworks-${CONFIGURATION}-output-files.xcfilelist",
			);
			runOnlyForDeploymentPostprocessing = 0;
			shellPath = /bin/sh;
			shellScript = "\"${PODS_ROOT}/Target Support Files/Pods-GymApp/Pods-GymApp-frameworks.sh\"\n";
			showEnvVarsInLog = 0;
		};
		ABB3D783BDC85DF768BE82C3 /* [CP] Check Pods Manifest.lock */ = {
			isa = PBXShellScriptBuildPhase;
			buildActionMask = 2147483647;
			files = (
			);
			inputFileListPaths = (
			);
			inputPaths = (
				"${PODS_PODFILE_DIR_PATH}/Podfile.lock",
				"${PODS_ROOT}/Manifest.lock",
			);
			name = "[CP] Check Pods Manifest.lock";
			outputFileListPaths = (
			);
			outputPaths = (
				"$(DERIVED_FILE_DIR)/Pods-GymApp-checkManifestLockResult.txt",
			);
			runOnlyForDeploymentPostprocessing = 0;
			shellPath = /bin/sh;
			shellScript = "diff \"${PODS_PODFILE_DIR_PATH}/Podfile.lock\" \"${PODS_ROOT}/Manifest.lock\" > /dev/null\nif [ $? != 0 ] ; then\n    # print error to STDERR\n    echo \"error: The sandbox is not in sync with the Podfile.lock. Run 'pod install' or update your CocoaPods installation.\" >&2\n    exit 1\nfi\n# This output is used by Xcode 'outputs' to avoid re-running this script phase.\necho \"SUCCESS\" > \"${SCRIPT_OUTPUT_FILE_0}\"\n";
			showEnvVarsInLog = 0;
		};
/* End PBXShellScriptBuildPhase section */

/* Begin PBXSourcesBuildPhase section */
		152D88EB28F6359800E112A6 /* Sources */ = {
			isa = PBXSourcesBuildPhase;
			buildActionMask = 2147483647;
			files = (
				152D892728F64F4000E112A6 /* LoginViewController.swift in Sources */,
				9ECDA920292C2CF20016456D /* ShareViewController.swift in Sources */,
				152D892B28F6657F00E112A6 /* CameraViewController.swift in Sources */,
				5B5E84B029400489003D27C1 /* WorkoutCell.swift in Sources */,
				152D88F328F6359800E112A6 /* AppDelegate.swift in Sources */,
				152D892928F64F6600E112A6 /* FeedViewController.swift in Sources */,
				9E281E4B292C0C7C00839095 /* WorkoutsViewController.swift in Sources */,
				9ECDA91E292C2CC90016456D /* ProgressViewController.swift in Sources */,
				152D88F528F6359800E112A6 /* SceneDelegate.swift in Sources */,
				152D892D28F672C500E112A6 /* PostCell.swift in Sources */,
				158EBC9128FF5F5200CADB71 /* CommentCell.swift in Sources */,
				9ECDA91C292C2C460016456D /* AccountViewController.swift in Sources */,
			);
			runOnlyForDeploymentPostprocessing = 0;
		};
		152D890128F6359C00E112A6 /* Sources */ = {
			isa = PBXSourcesBuildPhase;
			buildActionMask = 2147483647;
			files = (
				152D890A28F6359C00E112A6 /* GymTests.swift in Sources */,
			);
			runOnlyForDeploymentPostprocessing = 0;
		};
		152D890B28F6359C00E112A6 /* Sources */ = {
			isa = PBXSourcesBuildPhase;
			buildActionMask = 2147483647;
			files = (
				152D891428F6359C00E112A6 /* GymUITests.swift in Sources */,
				152D891628F6359C00E112A6 /* GymUITestsLaunchTests.swift in Sources */,
			);
			runOnlyForDeploymentPostprocessing = 0;
		};
/* End PBXSourcesBuildPhase section */

/* Begin PBXTargetDependency section */
		152D890728F6359C00E112A6 /* PBXTargetDependency */ = {
			isa = PBXTargetDependency;
			target = 152D88EE28F6359800E112A6 /* GymApp */;
			targetProxy = 152D890628F6359C00E112A6 /* PBXContainerItemProxy */;
		};
		152D891128F6359C00E112A6 /* PBXTargetDependency */ = {
			isa = PBXTargetDependency;
			target = 152D88EE28F6359800E112A6 /* GymApp */;
			targetProxy = 152D891028F6359C00E112A6 /* PBXContainerItemProxy */;
		};
/* End PBXTargetDependency section */

/* Begin PBXVariantGroup section */
		152D88F828F6359800E112A6 /* Main.storyboard */ = {
			isa = PBXVariantGroup;
			children = (
				152D88F928F6359800E112A6 /* Base */,
			);
			name = Main.storyboard;
			sourceTree = "<group>";
		};
		152D88FD28F6359C00E112A6 /* LaunchScreen.storyboard */ = {
			isa = PBXVariantGroup;
			children = (
				152D88FE28F6359C00E112A6 /* Base */,
			);
			name = LaunchScreen.storyboard;
			sourceTree = "<group>";
		};
/* End PBXVariantGroup section */

/* Begin XCBuildConfiguration section */
		152D891728F6359C00E112A6 /* Debug */ = {
			isa = XCBuildConfiguration;
			buildSettings = {
				ALWAYS_SEARCH_USER_PATHS = NO;
				CLANG_ANALYZER_NONNULL = YES;
				CLANG_ANALYZER_NUMBER_OBJECT_CONVERSION = YES_AGGRESSIVE;
				CLANG_CXX_LANGUAGE_STANDARD = "gnu++17";
				CLANG_ENABLE_MODULES = YES;
				CLANG_ENABLE_OBJC_ARC = YES;
				CLANG_ENABLE_OBJC_WEAK = YES;
				CLANG_WARN_BLOCK_CAPTURE_AUTORELEASING = YES;
				CLANG_WARN_BOOL_CONVERSION = YES;
				CLANG_WARN_COMMA = YES;
				CLANG_WARN_CONSTANT_CONVERSION = YES;
				CLANG_WARN_DEPRECATED_OBJC_IMPLEMENTATIONS = YES;
				CLANG_WARN_DIRECT_OBJC_ISA_USAGE = YES_ERROR;
				CLANG_WARN_DOCUMENTATION_COMMENTS = YES;
				CLANG_WARN_EMPTY_BODY = YES;
				CLANG_WARN_ENUM_CONVERSION = YES;
				CLANG_WARN_INFINITE_RECURSION = YES;
				CLANG_WARN_INT_CONVERSION = YES;
				CLANG_WARN_NON_LITERAL_NULL_CONVERSION = YES;
				CLANG_WARN_OBJC_IMPLICIT_RETAIN_SELF = YES;
				CLANG_WARN_OBJC_LITERAL_CONVERSION = YES;
				CLANG_WARN_OBJC_ROOT_CLASS = YES_ERROR;
				CLANG_WARN_QUOTED_INCLUDE_IN_FRAMEWORK_HEADER = YES;
				CLANG_WARN_RANGE_LOOP_ANALYSIS = YES;
				CLANG_WARN_STRICT_PROTOTYPES = YES;
				CLANG_WARN_SUSPICIOUS_MOVE = YES;
				CLANG_WARN_UNGUARDED_AVAILABILITY = YES_AGGRESSIVE;
				CLANG_WARN_UNREACHABLE_CODE = YES;
				CLANG_WARN__DUPLICATE_METHOD_MATCH = YES;
				COPY_PHASE_STRIP = NO;
				DEBUG_INFORMATION_FORMAT = dwarf;
				ENABLE_STRICT_OBJC_MSGSEND = YES;
				ENABLE_TESTABILITY = YES;
				GCC_C_LANGUAGE_STANDARD = gnu11;
				GCC_DYNAMIC_NO_PIC = NO;
				GCC_NO_COMMON_BLOCKS = YES;
				GCC_OPTIMIZATION_LEVEL = 0;
				GCC_PREPROCESSOR_DEFINITIONS = (
					"DEBUG=1",
					"$(inherited)",
				);
				GCC_WARN_64_TO_32_BIT_CONVERSION = YES;
				GCC_WARN_ABOUT_RETURN_TYPE = YES_ERROR;
				GCC_WARN_UNDECLARED_SELECTOR = YES;
				GCC_WARN_UNINITIALIZED_AUTOS = YES_AGGRESSIVE;
				GCC_WARN_UNUSED_FUNCTION = YES;
				GCC_WARN_UNUSED_VARIABLE = YES;
				IPHONEOS_DEPLOYMENT_TARGET = 15.5;
				MTL_ENABLE_DEBUG_INFO = INCLUDE_SOURCE;
				MTL_FAST_MATH = YES;
				ONLY_ACTIVE_ARCH = YES;
				SDKROOT = iphoneos;
				SWIFT_ACTIVE_COMPILATION_CONDITIONS = DEBUG;
				SWIFT_OPTIMIZATION_LEVEL = "-Onone";
			};
			name = Debug;
		};
		152D891828F6359C00E112A6 /* Release */ = {
			isa = XCBuildConfiguration;
			buildSettings = {
				ALWAYS_SEARCH_USER_PATHS = NO;
				CLANG_ANALYZER_NONNULL = YES;
				CLANG_ANALYZER_NUMBER_OBJECT_CONVERSION = YES_AGGRESSIVE;
				CLANG_CXX_LANGUAGE_STANDARD = "gnu++17";
				CLANG_ENABLE_MODULES = YES;
				CLANG_ENABLE_OBJC_ARC = YES;
				CLANG_ENABLE_OBJC_WEAK = YES;
				CLANG_WARN_BLOCK_CAPTURE_AUTORELEASING = YES;
				CLANG_WARN_BOOL_CONVERSION = YES;
				CLANG_WARN_COMMA = YES;
				CLANG_WARN_CONSTANT_CONVERSION = YES;
				CLANG_WARN_DEPRECATED_OBJC_IMPLEMENTATIONS = YES;
				CLANG_WARN_DIRECT_OBJC_ISA_USAGE = YES_ERROR;
				CLANG_WARN_DOCUMENTATION_COMMENTS = YES;
				CLANG_WARN_EMPTY_BODY = YES;
				CLANG_WARN_ENUM_CONVERSION = YES;
				CLANG_WARN_INFINITE_RECURSION = YES;
				CLANG_WARN_INT_CONVERSION = YES;
				CLANG_WARN_NON_LITERAL_NULL_CONVERSION = YES;
				CLANG_WARN_OBJC_IMPLICIT_RETAIN_SELF = YES;
				CLANG_WARN_OBJC_LITERAL_CONVERSION = YES;
				CLANG_WARN_OBJC_ROOT_CLASS = YES_ERROR;
				CLANG_WARN_QUOTED_INCLUDE_IN_FRAMEWORK_HEADER = YES;
				CLANG_WARN_RANGE_LOOP_ANALYSIS = YES;
				CLANG_WARN_STRICT_PROTOTYPES = YES;
				CLANG_WARN_SUSPICIOUS_MOVE = YES;
				CLANG_WARN_UNGUARDED_AVAILABILITY = YES_AGGRESSIVE;
				CLANG_WARN_UNREACHABLE_CODE = YES;
				CLANG_WARN__DUPLICATE_METHOD_MATCH = YES;
				COPY_PHASE_STRIP = NO;
				DEBUG_INFORMATION_FORMAT = "dwarf-with-dsym";
				ENABLE_NS_ASSERTIONS = NO;
				ENABLE_STRICT_OBJC_MSGSEND = YES;
				GCC_C_LANGUAGE_STANDARD = gnu11;
				GCC_NO_COMMON_BLOCKS = YES;
				GCC_WARN_64_TO_32_BIT_CONVERSION = YES;
				GCC_WARN_ABOUT_RETURN_TYPE = YES_ERROR;
				GCC_WARN_UNDECLARED_SELECTOR = YES;
				GCC_WARN_UNINITIALIZED_AUTOS = YES_AGGRESSIVE;
				GCC_WARN_UNUSED_FUNCTION = YES;
				GCC_WARN_UNUSED_VARIABLE = YES;
				IPHONEOS_DEPLOYMENT_TARGET = 15.5;
				MTL_ENABLE_DEBUG_INFO = NO;
				MTL_FAST_MATH = YES;
				SDKROOT = iphoneos;
				SWIFT_COMPILATION_MODE = wholemodule;
				SWIFT_OPTIMIZATION_LEVEL = "-O";
				VALIDATE_PRODUCT = YES;
			};
			name = Release;
		};
		152D891A28F6359C00E112A6 /* Debug */ = {
			isa = XCBuildConfiguration;
			baseConfigurationReference = A7D512611ABFEEB6D8BD1EFC /* Pods-GymApp.debug.xcconfig */;
			buildSettings = {
				ASSETCATALOG_COMPILER_APPICON_NAME = AppIcon;
				ASSETCATALOG_COMPILER_GLOBAL_ACCENT_COLOR_NAME = AccentColor;
				CODE_SIGN_STYLE = Automatic;
				CURRENT_PROJECT_VERSION = 1;
				DEVELOPMENT_TEAM = 993ZG9A8LP;
				GENERATE_INFOPLIST_FILE = YES;
				INFOPLIST_FILE = Instagram/Info.plist;
				INFOPLIST_KEY_CFBundleDisplayName = exercisepedia;
				INFOPLIST_KEY_UIApplicationSupportsIndirectInputEvents = YES;
				INFOPLIST_KEY_UILaunchStoryboardName = LaunchScreen;
				INFOPLIST_KEY_UIMainStoryboardFile = Main;
				INFOPLIST_KEY_UISupportedInterfaceOrientations_iPad = "UIInterfaceOrientationPortrait UIInterfaceOrientationPortraitUpsideDown UIInterfaceOrientationLandscapeLeft UIInterfaceOrientationLandscapeRight";
				INFOPLIST_KEY_UISupportedInterfaceOrientations_iPhone = "UIInterfaceOrientationPortrait UIInterfaceOrientationLandscapeLeft UIInterfaceOrientationLandscapeRight";
				LD_RUNPATH_SEARCH_PATHS = (
					"$(inherited)",
					"@executable_path/Frameworks",
				);
				MARKETING_VERSION = 1.0;
				PRODUCT_BUNDLE_IDENTIFIER = com.codepathFelix.Instagram;
				PRODUCT_NAME = "$(TARGET_NAME)";
				SWIFT_EMIT_LOC_STRINGS = YES;
				SWIFT_VERSION = 5.0;
				TARGETED_DEVICE_FAMILY = "1,2";
			};
			name = Debug;
		};
		152D891B28F6359C00E112A6 /* Release */ = {
			isa = XCBuildConfiguration;
			baseConfigurationReference = CC65AB4B06778BAD9F5168CF /* Pods-GymApp.release.xcconfig */;
			buildSettings = {
				ASSETCATALOG_COMPILER_APPICON_NAME = AppIcon;
				ASSETCATALOG_COMPILER_GLOBAL_ACCENT_COLOR_NAME = AccentColor;
				CODE_SIGN_STYLE = Automatic;
				CURRENT_PROJECT_VERSION = 1;
				DEVELOPMENT_TEAM = 993ZG9A8LP;
				GENERATE_INFOPLIST_FILE = YES;
				INFOPLIST_FILE = Instagram/Info.plist;
				INFOPLIST_KEY_CFBundleDisplayName = exercisepedia;
				INFOPLIST_KEY_UIApplicationSupportsIndirectInputEvents = YES;
				INFOPLIST_KEY_UILaunchStoryboardName = LaunchScreen;
				INFOPLIST_KEY_UIMainStoryboardFile = Main;
				INFOPLIST_KEY_UISupportedInterfaceOrientations_iPad = "UIInterfaceOrientationPortrait UIInterfaceOrientationPortraitUpsideDown UIInterfaceOrientationLandscapeLeft UIInterfaceOrientationLandscapeRight";
				INFOPLIST_KEY_UISupportedInterfaceOrientations_iPhone = "UIInterfaceOrientationPortrait UIInterfaceOrientationLandscapeLeft UIInterfaceOrientationLandscapeRight";
				LD_RUNPATH_SEARCH_PATHS = (
					"$(inherited)",
					"@executable_path/Frameworks",
				);
				MARKETING_VERSION = 1.0;
				PRODUCT_BUNDLE_IDENTIFIER = com.codepathFelix.Instagram;
				PRODUCT_NAME = "$(TARGET_NAME)";
				SWIFT_EMIT_LOC_STRINGS = YES;
				SWIFT_VERSION = 5.0;
				TARGETED_DEVICE_FAMILY = "1,2";
			};
			name = Release;
		};
		152D891D28F6359C00E112A6 /* Debug */ = {
			isa = XCBuildConfiguration;
			buildSettings = {
				ALWAYS_EMBED_SWIFT_STANDARD_LIBRARIES = YES;
				BUNDLE_LOADER = "$(TEST_HOST)";
				CODE_SIGN_STYLE = Automatic;
				CURRENT_PROJECT_VERSION = 1;
				DEVELOPMENT_TEAM = 993ZG9A8LP;
				GENERATE_INFOPLIST_FILE = YES;
				IPHONEOS_DEPLOYMENT_TARGET = 15.5;
				MARKETING_VERSION = 1.0;
				PRODUCT_BUNDLE_IDENTIFIER = com.codepathFelix.InstagramTests;
				PRODUCT_NAME = "$(TARGET_NAME)";
				SWIFT_EMIT_LOC_STRINGS = NO;
				SWIFT_VERSION = 5.0;
				TARGETED_DEVICE_FAMILY = "1,2";
				TEST_HOST = "$(BUILT_PRODUCTS_DIR)/GymApp.app/GymApp";
			};
			name = Debug;
		};
		152D891E28F6359C00E112A6 /* Release */ = {
			isa = XCBuildConfiguration;
			buildSettings = {
				ALWAYS_EMBED_SWIFT_STANDARD_LIBRARIES = YES;
				BUNDLE_LOADER = "$(TEST_HOST)";
				CODE_SIGN_STYLE = Automatic;
				CURRENT_PROJECT_VERSION = 1;
				DEVELOPMENT_TEAM = 993ZG9A8LP;
				GENERATE_INFOPLIST_FILE = YES;
				IPHONEOS_DEPLOYMENT_TARGET = 15.5;
				MARKETING_VERSION = 1.0;
				PRODUCT_BUNDLE_IDENTIFIER = com.codepathFelix.InstagramTests;
				PRODUCT_NAME = "$(TARGET_NAME)";
				SWIFT_EMIT_LOC_STRINGS = NO;
				SWIFT_VERSION = 5.0;
				TARGETED_DEVICE_FAMILY = "1,2";
				TEST_HOST = "$(BUILT_PRODUCTS_DIR)/GymApp.app/GymApp";
			};
			name = Release;
		};
		152D892028F6359C00E112A6 /* Debug */ = {
			isa = XCBuildConfiguration;
			buildSettings = {
				ALWAYS_EMBED_SWIFT_STANDARD_LIBRARIES = YES;
				CODE_SIGN_STYLE = Automatic;
				CURRENT_PROJECT_VERSION = 1;
				DEVELOPMENT_TEAM = 993ZG9A8LP;
				GENERATE_INFOPLIST_FILE = YES;
				MARKETING_VERSION = 1.0;
				PRODUCT_BUNDLE_IDENTIFIER = com.codepathFelix.InstagramUITests;
				PRODUCT_NAME = "$(TARGET_NAME)";
				SWIFT_EMIT_LOC_STRINGS = NO;
				SWIFT_VERSION = 5.0;
				TARGETED_DEVICE_FAMILY = "1,2";
				TEST_TARGET_NAME = Instagram;
			};
			name = Debug;
		};
		152D892128F6359C00E112A6 /* Release */ = {
			isa = XCBuildConfiguration;
			buildSettings = {
				ALWAYS_EMBED_SWIFT_STANDARD_LIBRARIES = YES;
				CODE_SIGN_STYLE = Automatic;
				CURRENT_PROJECT_VERSION = 1;
				DEVELOPMENT_TEAM = 993ZG9A8LP;
				GENERATE_INFOPLIST_FILE = YES;
				MARKETING_VERSION = 1.0;
				PRODUCT_BUNDLE_IDENTIFIER = com.codepathFelix.InstagramUITests;
				PRODUCT_NAME = "$(TARGET_NAME)";
				SWIFT_EMIT_LOC_STRINGS = NO;
				SWIFT_VERSION = 5.0;
				TARGETED_DEVICE_FAMILY = "1,2";
				TEST_TARGET_NAME = Instagram;
			};
			name = Release;
		};
/* End XCBuildConfiguration section */

/* Begin XCConfigurationList section */
		152D88EA28F6359800E112A6 /* Build configuration list for PBXProject "GymApp" */ = {
			isa = XCConfigurationList;
			buildConfigurations = (
				152D891728F6359C00E112A6 /* Debug */,
				152D891828F6359C00E112A6 /* Release */,
			);
			defaultConfigurationIsVisible = 0;
			defaultConfigurationName = Release;
		};
		152D891928F6359C00E112A6 /* Build configuration list for PBXNativeTarget "GymApp" */ = {
			isa = XCConfigurationList;
			buildConfigurations = (
				152D891A28F6359C00E112A6 /* Debug */,
				152D891B28F6359C00E112A6 /* Release */,
			);
			defaultConfigurationIsVisible = 0;
			defaultConfigurationName = Release;
		};
		152D891C28F6359C00E112A6 /* Build configuration list for PBXNativeTarget "GymAppTests" */ = {
			isa = XCConfigurationList;
			buildConfigurations = (
				152D891D28F6359C00E112A6 /* Debug */,
				152D891E28F6359C00E112A6 /* Release */,
			);
			defaultConfigurationIsVisible = 0;
			defaultConfigurationName = Release;
		};
		152D891F28F6359C00E112A6 /* Build configuration list for PBXNativeTarget "GymAppUITests" */ = {
			isa = XCConfigurationList;
			buildConfigurations = (
				152D892028F6359C00E112A6 /* Debug */,
				152D892128F6359C00E112A6 /* Release */,
			);
			defaultConfigurationIsVisible = 0;
			defaultConfigurationName = Release;
		};
/* End XCConfigurationList section */

/* Begin XCRemoteSwiftPackageReference section */
		152D892228F63D1B00E112A6 /* XCRemoteSwiftPackageReference "swift-argument-parser" */ = {
			isa = XCRemoteSwiftPackageReference;
			repositoryURL = "https://github.com/apple/swift-argument-parser.git";
			requirement = {
				kind = upToNextMajorVersion;
				minimumVersion = 1.0.0;
			};
		};
		152D892328F63D4300E112A6 /* XCRemoteSwiftPackageReference "AlamofireImage" */ = {
			isa = XCRemoteSwiftPackageReference;
			repositoryURL = "https://github.com/Alamofire/AlamofireImage";
			requirement = {
				branch = master;
				kind = branch;
			};
		};
/* End XCRemoteSwiftPackageReference section */

/* Begin XCSwiftPackageProductDependency section */
		152D892428F63D4300E112A6 /* AlamofireImage */ = {
			isa = XCSwiftPackageProductDependency;
			package = 152D892328F63D4300E112A6 /* XCRemoteSwiftPackageReference "AlamofireImage" */;
			productName = AlamofireImage;
		};
/* End XCSwiftPackageProductDependency section */
	};
	rootObject = 152D88E728F6359800E112A6 /* Project object */;
}
